
Microsoft Visual Studio Solution File, Format Version 12.00
# Visual Studio Version 17
VisualStudioVersion = 17.0.31912.275
MinimumVisualStudioVersion = 10.0.40219.1
Project("{9A19103F-16F7-4668-BE54-9A1E7A4F7556}") = "MyWebApp", "MyWebApp\MyWebApp.csproj", "{4F63FAB9-4F71-478B-8703-8DDE6E1C0F8C}"
EndProject
Project("{9A19103F-16F7-4668-BE54-9A1E7A4F7556}") = "MyWebAPI", "MyWebAPI\MyWebAPI.csproj", "{617F87C8-C77A-41EE-98E6-FD8FBEF15E4D}"
EndProject
Project("{9A19103F-16F7-4668-BE54-9A1E7A4F7556}") = "MyYarpProxy", "MyYarpProxy\MyYarpProxy.csproj", "{C86490B8-4F5F-4A06-A661-501BD39CEA0C}"
EndProject
Project("{9A19103F-16F7-4668-BE54-9A1E7A4F7556}") = "MyWebApp_OIDC", "MyWebApp_OIDC\MyWebApp_OIDC.csproj", "{FBF17DF6-6437-470E-A563-7BF6D150B61D}"
EndProject
Project("{9A19103F-16F7-4668-BE54-9A1E7A4F7556}") = "MyMVC_OIDC", "MyMVC_OIDC\MyMVC_OIDC.csproj", "{23299968-F19C-4FEE-B4DE-4F6742F620BC}"
EndProject
Global
	GlobalSection(SolutionConfigurationPlatforms) = preSolution
		Debug|Any CPU = Debug|Any CPU
		Release|Any CPU = Release|Any CPU
	EndGlobalSection
	GlobalSection(ProjectConfigurationPlatforms) = postSolution
		{4F63FAB9-4F71-478B-8703-8DDE6E1C0F8C}.Debug|Any CPU.ActiveCfg = Debug|Any CPU
		{4F63FAB9-4F71-478B-8703-8DDE6E1C0F8C}.Debug|Any CPU.Build.0 = Debug|Any CPU
		{4F63FAB9-4F71-478B-8703-8DDE6E1C0F8C}.Release|Any CPU.ActiveCfg = Release|Any CPU
		{4F63FAB9-4F71-478B-8703-8DDE6E1C0F8C}.Release|Any CPU.Build.0 = Release|Any CPU
		{617F87C8-C77A-41EE-98E6-FD8FBEF15E4D}.Debug|Any CPU.ActiveCfg = Debug|Any CPU
		{617F87C8-C77A-41EE-98E6-FD8FBEF15E4D}.Debug|Any CPU.Build.0 = Debug|Any CPU
		{617F87C8-C77A-41EE-98E6-FD8FBEF15E4D}.Release|Any CPU.ActiveCfg = Release|Any CPU
		{617F87C8-C77A-41EE-98E6-FD8FBEF15E4D}.Release|Any CPU.Build.0 = Release|Any CPU
		{C86490B8-4F5F-4A06-A661-501BD39CEA0C}.Debug|Any CPU.ActiveCfg = Debug|Any CPU
		{C86490B8-4F5F-4A06-A661-501BD39CEA0C}.Debug|Any CPU.Build.0 = Debug|Any CPU
		{C86490B8-4F5F-4A06-A661-501BD39CEA0C}.Release|Any CPU.ActiveCfg = Release|Any CPU
		{C86490B8-4F5F-4A06-A661-501BD39CEA0C}.Release|Any CPU.Build.0 = Release|Any CPU
		{FBF17DF6-6437-470E-A563-7BF6D150B61D}.Debug|Any CPU.ActiveCfg = Debug|Any CPU
		{FBF17DF6-6437-470E-A563-7BF6D150B61D}.Debug|Any CPU.Build.0 = Debug|Any CPU
		{FBF17DF6-6437-470E-A563-7BF6D150B61D}.Release|Any CPU.ActiveCfg = Release|Any CPU
		{FBF17DF6-6437-470E-A563-7BF6D150B61D}.Release|Any CPU.Build.0 = Release|Any CPU
		{23299968-F19C-4FEE-B4DE-4F6742F620BC}.Debug|Any CPU.ActiveCfg = Debug|Any CPU
		{23299968-F19C-4FEE-B4DE-4F6742F620BC}.Debug|Any CPU.Build.0 = Debug|Any CPU
		{23299968-F19C-4FEE-B4DE-4F6742F620BC}.Release|Any CPU.ActiveCfg = Release|Any CPU
		{23299968-F19C-4FEE-B4DE-4F6742F620BC}.Release|Any CPU.Build.0 = Release|Any CPU
	EndGlobalSection
	GlobalSection(SolutionProperties) = preSolution
		HideSolutionNode = FALSE
	EndGlobalSection
	GlobalSection(ExtensibilityGlobals) = postSolution
		SolutionGuid = {7AE0228A-2B69-4CDA-ADE9-C7ECF66D1843}
	EndGlobalSection
EndGlobal
